
Microsoft Visual Studio Solution File, Format Version 12.00
# Visual Studio Version 17
VisualStudioVersion = 17.8.34408.163
MinimumVisualStudioVersion = 10.0.40219.1
Project("{FAE04EC0-301F-11D3-BF4B-00C04F79EFBC}") = "HospitalManagementSystem", "HospitalManagementSystem\HospitalManagementSystem.csproj", "{38FD9DFC-86DB-41C4-A6C1-1F3FD5C0BE94}"
EndProject
Project("{FAE04EC0-301F-11D3-BF4B-00C04F79EFBC}") = "Repository", "Repository\Repository.csproj", "{E06F842C-7236-44C2-B92B-01E0177660D7}"
EndProject
Project("{FAE04EC0-301F-11D3-BF4B-00C04F79EFBC}") = "Service", "Service\Service.csproj", "{E02DD555-0624-439F-9B15-AD74B6D3C463}"
EndProject
Global
	GlobalSection(SolutionConfigurationPlatforms) = preSolution
		Debug|Any CPU = Debug|Any CPU
		Release|Any CPU = Release|Any CPU
	EndGlobalSection
	GlobalSection(ProjectConfigurationPlatforms) = postSolution
		{38FD9DFC-86DB-41C4-A6C1-1F3FD5C0BE94}.Debug|Any CPU.ActiveCfg = Debug|Any CPU
		{38FD9DFC-86DB-41C4-A6C1-1F3FD5C0BE94}.Debug|Any CPU.Build.0 = Debug|Any CPU
		{38FD9DFC-86DB-41C4-A6C1-1F3FD5C0BE94}.Release|Any CPU.ActiveCfg = Release|Any CPU
		{38FD9DFC-86DB-41C4-A6C1-1F3FD5C0BE94}.Release|Any CPU.Build.0 = Release|Any CPU
		{E06F842C-7236-44C2-B92B-01E0177660D7}.Debug|Any CPU.ActiveCfg = Debug|Any CPU
		{E06F842C-7236-44C2-B92B-01E0177660D7}.Debug|Any CPU.Build.0 = Debug|Any CPU
		{E06F842C-7236-44C2-B92B-01E0177660D7}.Release|Any CPU.ActiveCfg = Release|Any CPU
		{E06F842C-7236-44C2-B92B-01E0177660D7}.Release|Any CPU.Build.0 = Release|Any CPU
		{E02DD555-0624-439F-9B15-AD74B6D3C463}.Debug|Any CPU.ActiveCfg = Debug|Any CPU
		{E02DD555-0624-439F-9B15-AD74B6D3C463}.Debug|Any CPU.Build.0 = Debug|Any CPU
		{E02DD555-0624-439F-9B15-AD74B6D3C463}.Release|Any CPU.ActiveCfg = Release|Any CPU
		{E02DD555-0624-439F-9B15-AD74B6D3C463}.Release|Any CPU.Build.0 = Release|Any CPU
	EndGlobalSection
	GlobalSection(SolutionProperties) = preSolution
		HideSolutionNode = FALSE
	EndGlobalSection
	GlobalSection(ExtensibilityGlobals) = postSolution
		SolutionGuid = {C5694914-2157-49D2-92D0-FA98DD9C2C3F}
	EndGlobalSection
EndGlobal
